
Microsoft Visual Studio Solution File, Format Version 12.00
# Visual Studio Version 17
VisualStudioVersion = 17.9.34728.123
MinimumVisualStudioVersion = 10.0.40219.1
Project("{FAE04EC0-301F-11D3-BF4B-00C04F79EFBC}") = "CodigoClase23_2", "CodigoClase23_2\CodigoClase23_2.csproj", "{CE6D0829-6DB6-4773-BBCE-573CB5C67FF1}"
EndProject
Project("{FAE04EC0-301F-11D3-BF4B-00C04F79EFBC}") = "Calculadora", "Calculadora\Calculadora.csproj", "{FB6CCF9D-1599-46D4-B385-A8ED9029F995}"
EndProject
Project("{FAE04EC0-301F-11D3-BF4B-00C04F79EFBC}") = "TestProject1", "TestProject1\TestProject1.csproj", "{7E58A0D4-2E00-4EE1-8719-F187FCC11E31}"
EndProject
Global
	GlobalSection(SolutionConfigurationPlatforms) = preSolution
		Debug|Any CPU = Debug|Any CPU
		Release|Any CPU = Release|Any CPU
	EndGlobalSection
	GlobalSection(ProjectConfigurationPlatforms) = postSolution
		{CE6D0829-6DB6-4773-BBCE-573CB5C67FF1}.Debug|Any CPU.ActiveCfg = Debug|Any CPU
		{CE6D0829-6DB6-4773-BBCE-573CB5C67FF1}.Debug|Any CPU.Build.0 = Debug|Any CPU
		{CE6D0829-6DB6-4773-BBCE-573CB5C67FF1}.Release|Any CPU.ActiveCfg = Release|Any CPU
		{CE6D0829-6DB6-4773-BBCE-573CB5C67FF1}.Release|Any CPU.Build.0 = Release|Any CPU
		{FB6CCF9D-1599-46D4-B385-A8ED9029F995}.Debug|Any CPU.ActiveCfg = Debug|Any CPU
		{FB6CCF9D-1599-46D4-B385-A8ED9029F995}.Debug|Any CPU.Build.0 = Debug|Any CPU
		{FB6CCF9D-1599-46D4-B385-A8ED9029F995}.Release|Any CPU.ActiveCfg = Release|Any CPU
		{FB6CCF9D-1599-46D4-B385-A8ED9029F995}.Release|Any CPU.Build.0 = Release|Any CPU
		{7E58A0D4-2E00-4EE1-8719-F187FCC11E31}.Debug|Any CPU.ActiveCfg = Debug|Any CPU
		{7E58A0D4-2E00-4EE1-8719-F187FCC11E31}.Debug|Any CPU.Build.0 = Debug|Any CPU
		{7E58A0D4-2E00-4EE1-8719-F187FCC11E31}.Release|Any CPU.ActiveCfg = Release|Any CPU
		{7E58A0D4-2E00-4EE1-8719-F187FCC11E31}.Release|Any CPU.Build.0 = Release|Any CPU
	EndGlobalSection
	GlobalSection(SolutionProperties) = preSolution
		HideSolutionNode = FALSE
	EndGlobalSection
	GlobalSection(ExtensibilityGlobals) = postSolution
		SolutionGuid = {EAFC4932-E7DF-46B0-BB97-0A3DAC13FD1D}
	EndGlobalSection
EndGlobal
